// !$*UTF8*$!
{
	archiveVersion = 1;
	classes = {
	};
	objectVersion = 46;
	objects = {

/* Begin PBXBuildFile section */
		760BA4DF1A75EA8F00A96F39 /* AppDelegate.swift in Sources */ = {isa = PBXBuildFile; fileRef = 760BA4DE1A75EA8F00A96F39 /* AppDelegate.swift */; };
		760BA4E11A75EA8F00A96F39 /* BuyOrSell.swift in Sources */ = {isa = PBXBuildFile; fileRef = 760BA4E01A75EA8F00A96F39 /* BuyOrSell.swift */; };
		760BA4E41A75EA8F00A96F39 /* Main.storyboard in Resources */ = {isa = PBXBuildFile; fileRef = 760BA4E21A75EA8F00A96F39 /* Main.storyboard */; };
		760BA4E61A75EA8F00A96F39 /* Images.xcassets in Resources */ = {isa = PBXBuildFile; fileRef = 760BA4E51A75EA8F00A96F39 /* Images.xcassets */; };
		760BA4E91A75EA8F00A96F39 /* LaunchScreen.xib in Resources */ = {isa = PBXBuildFile; fileRef = 760BA4E71A75EA8F00A96F39 /* LaunchScreen.xib */; };
		760BA4F51A75EA8F00A96F39 /* Declining_AppTests.swift in Sources */ = {isa = PBXBuildFile; fileRef = 760BA4F41A75EA8F00A96F39 /* Declining_AppTests.swift */; };
		760BA4FF1A75EC3E00A96F39 /* NowOrLater.swift in Sources */ = {isa = PBXBuildFile; fileRef = 760BA4FE1A75EC3E00A96F39 /* NowOrLater.swift */; };
		760BA5011A75EC8700A96F39 /* EatingWhere.swift in Sources */ = {isa = PBXBuildFile; fileRef = 760BA5001A75EC8700A96F39 /* EatingWhere.swift */; };
		760BA5031A75ED3E00A96F39 /* SellerList.swift in Sources */ = {isa = PBXBuildFile; fileRef = 760BA5021A75ED3E00A96F39 /* SellerList.swift */; };
		760BA5051A75ED9F00A96F39 /* SellerSetup.swift in Sources */ = {isa = PBXBuildFile; fileRef = 760BA5041A75ED9F00A96F39 /* SellerSetup.swift */; };
		760BA5071A75EDD400A96F39 /* ScheduleSetup.swift in Sources */ = {isa = PBXBuildFile; fileRef = 760BA5061A75EDD400A96F39 /* ScheduleSetup.swift */; };
		760BA5091A75EDEC00A96F39 /* SellerHome.swift in Sources */ = {isa = PBXBuildFile; fileRef = 760BA5081A75EDEC00A96F39 /* SellerHome.swift */; };
		760BA50B1A75EE0C00A96F39 /* BuyerList.swift in Sources */ = {isa = PBXBuildFile; fileRef = 760BA50A1A75EE0C00A96F39 /* BuyerList.swift */; };
		760BA50D1A75EE2E00A96F39 /* SellerSettings.swift in Sources */ = {isa = PBXBuildFile; fileRef = 760BA50C1A75EE2E00A96F39 /* SellerSettings.swift */; };
/* End PBXBuildFile section */

/* Begin PBXContainerItemProxy section */
		760BA4EF1A75EA8F00A96F39 /* PBXContainerItemProxy */ = {
			isa = PBXContainerItemProxy;
			containerPortal = 760BA4D11A75EA8F00A96F39 /* Project object */;
			proxyType = 1;
			remoteGlobalIDString = 760BA4D81A75EA8F00A96F39;
			remoteInfo = "Declining App";
		};
/* End PBXContainerItemProxy section */

/* Begin PBXFileReference section */
		760BA4D91A75EA8F00A96F39 /* Declining App.app */ = {isa = PBXFileReference; explicitFileType = wrapper.application; includeInIndex = 0; path = "Declining App.app"; sourceTree = BUILT_PRODUCTS_DIR; };
		760BA4DD1A75EA8F00A96F39 /* Info.plist */ = {isa = PBXFileReference; lastKnownFileType = text.plist.xml; path = Info.plist; sourceTree = "<group>"; };
		760BA4DE1A75EA8F00A96F39 /* AppDelegate.swift */ = {isa = PBXFileReference; lastKnownFileType = sourcecode.swift; path = AppDelegate.swift; sourceTree = "<group>"; };
		760BA4E01A75EA8F00A96F39 /* BuyOrSell.swift */ = {isa = PBXFileReference; lastKnownFileType = sourcecode.swift; path = BuyOrSell.swift; sourceTree = "<group>"; };
		760BA4E31A75EA8F00A96F39 /* Base */ = {isa = PBXFileReference; lastKnownFileType = file.storyboard; name = Base; path = Base.lproj/Main.storyboard; sourceTree = "<group>"; };
		760BA4E51A75EA8F00A96F39 /* Images.xcassets */ = {isa = PBXFileReference; lastKnownFileType = folder.assetcatalog; path = Images.xcassets; sourceTree = "<group>"; };
		760BA4E81A75EA8F00A96F39 /* Base */ = {isa = PBXFileReference; lastKnownFileType = file.xib; name = Base; path = Base.lproj/LaunchScreen.xib; sourceTree = "<group>"; };
		760BA4EE1A75EA8F00A96F39 /* Declining AppTests.xctest */ = {isa = PBXFileReference; explicitFileType = wrapper.cfbundle; includeInIndex = 0; path = "Declining AppTests.xctest"; sourceTree = BUILT_PRODUCTS_DIR; };
		760BA4F31A75EA8F00A96F39 /* Info.plist */ = {isa = PBXFileReference; lastKnownFileType = text.plist.xml; path = Info.plist; sourceTree = "<group>"; };
		760BA4F41A75EA8F00A96F39 /* Declining_AppTests.swift */ = {isa = PBXFileReference; lastKnownFileType = sourcecode.swift; path = Declining_AppTests.swift; sourceTree = "<group>"; };
		760BA4FE1A75EC3E00A96F39 /* NowOrLater.swift */ = {isa = PBXFileReference; fileEncoding = 4; lastKnownFileType = sourcecode.swift; path = NowOrLater.swift; sourceTree = "<group>"; };
		760BA5001A75EC8700A96F39 /* EatingWhere.swift */ = {isa = PBXFileReference; fileEncoding = 4; lastKnownFileType = sourcecode.swift; name = EatingWhere.swift; path = ../EatingWhere.swift; sourceTree = "<group>"; };
		760BA5021A75ED3E00A96F39 /* SellerList.swift */ = {isa = PBXFileReference; fileEncoding = 4; lastKnownFileType = sourcecode.swift; path = SellerList.swift; sourceTree = "<group>"; };
		760BA5041A75ED9F00A96F39 /* SellerSetup.swift */ = {isa = PBXFileReference; fileEncoding = 4; lastKnownFileType = sourcecode.swift; path = SellerSetup.swift; sourceTree = "<group>"; };
		760BA5061A75EDD400A96F39 /* ScheduleSetup.swift */ = {isa = PBXFileReference; fileEncoding = 4; lastKnownFileType = sourcecode.swift; path = ScheduleSetup.swift; sourceTree = "<group>"; };
		760BA5081A75EDEC00A96F39 /* SellerHome.swift */ = {isa = PBXFileReference; fileEncoding = 4; lastKnownFileType = sourcecode.swift; path = SellerHome.swift; sourceTree = "<group>"; };
		760BA50A1A75EE0C00A96F39 /* BuyerList.swift */ = {isa = PBXFileReference; fileEncoding = 4; lastKnownFileType = sourcecode.swift; path = BuyerList.swift; sourceTree = "<group>"; };
		760BA50C1A75EE2E00A96F39 /* SellerSettings.swift */ = {isa = PBXFileReference; fileEncoding = 4; lastKnownFileType = sourcecode.swift; path = SellerSettings.swift; sourceTree = "<group>"; };
/* End PBXFileReference section */

/* Begin PBXFrameworksBuildPhase section */
		760BA4D61A75EA8F00A96F39 /* Frameworks */ = {
			isa = PBXFrameworksBuildPhase;
			buildActionMask = 2147483647;
			files = (
			);
			runOnlyForDeploymentPostprocessing = 0;
		};
		760BA4EB1A75EA8F00A96F39 /* Frameworks */ = {
			isa = PBXFrameworksBuildPhase;
			buildActionMask = 2147483647;
			files = (
			);
			runOnlyForDeploymentPostprocessing = 0;
		};
/* End PBXFrameworksBuildPhase section */

/* Begin PBXGroup section */
		760BA4D01A75EA8F00A96F39 = {
			isa = PBXGroup;
			children = (
				760BA4DB1A75EA8F00A96F39 /* Declining App */,
				760BA4F11A75EA8F00A96F39 /* Declining AppTests */,
				760BA4DA1A75EA8F00A96F39 /* Products */,
			);
			sourceTree = "<group>";
		};
		760BA4DA1A75EA8F00A96F39 /* Products */ = {
			isa = PBXGroup;
			children = (
				760BA4D91A75EA8F00A96F39 /* Declining App.app */,
				760BA4EE1A75EA8F00A96F39 /* Declining AppTests.xctest */,
			);
			name = Products;
			sourceTree = "<group>";
		};
		760BA4DB1A75EA8F00A96F39 /* Declining App */ = {
			isa = PBXGroup;
			children = (
				760BA4DE1A75EA8F00A96F39 /* AppDelegate.swift */,
				760BA4E01A75EA8F00A96F39 /* BuyOrSell.swift */,
				760BA4FE1A75EC3E00A96F39 /* NowOrLater.swift */,
				760BA5001A75EC8700A96F39 /* EatingWhere.swift */,
				760BA5021A75ED3E00A96F39 /* SellerList.swift */,
				760BA5041A75ED9F00A96F39 /* SellerSetup.swift */,
				760BA5061A75EDD400A96F39 /* ScheduleSetup.swift */,
				760BA5081A75EDEC00A96F39 /* SellerHome.swift */,
				760BA50A1A75EE0C00A96F39 /* BuyerList.swift */,
				760BA50C1A75EE2E00A96F39 /* SellerSettings.swift */,
				760BA4E21A75EA8F00A96F39 /* Main.storyboard */,
				760BA4E51A75EA8F00A96F39 /* Images.xcassets */,
				760BA4E71A75EA8F00A96F39 /* LaunchScreen.xib */,
				760BA4DC1A75EA8F00A96F39 /* Supporting Files */,
			);
			path = "Declining App";
			sourceTree = "<group>";
		};
		760BA4DC1A75EA8F00A96F39 /* Supporting Files */ = {
			isa = PBXGroup;
			children = (
				760BA4DD1A75EA8F00A96F39 /* Info.plist */,
			);
			name = "Supporting Files";
			sourceTree = "<group>";
		};
		760BA4F11A75EA8F00A96F39 /* Declining AppTests */ = {
			isa = PBXGroup;
			children = (
				760BA4F41A75EA8F00A96F39 /* Declining_AppTests.swift */,
				760BA4F21A75EA8F00A96F39 /* Supporting Files */,
			);
			path = "Declining AppTests";
			sourceTree = "<group>";
		};
		760BA4F21A75EA8F00A96F39 /* Supporting Files */ = {
			isa = PBXGroup;
			children = (
				760BA4F31A75EA8F00A96F39 /* Info.plist */,
			);
			name = "Supporting Files";
			sourceTree = "<group>";
		};
/* End PBXGroup section */

/* Begin PBXNativeTarget section */
		760BA4D81A75EA8F00A96F39 /* Declining App */ = {
			isa = PBXNativeTarget;
			buildConfigurationList = 760BA4F81A75EA8F00A96F39 /* Build configuration list for PBXNativeTarget "Declining App" */;
			buildPhases = (
				760BA4D51A75EA8F00A96F39 /* Sources */,
				760BA4D61A75EA8F00A96F39 /* Frameworks */,
				760BA4D71A75EA8F00A96F39 /* Resources */,
			);
			buildRules = (
			);
			dependencies = (
			);
			name = "Declining App";
			productName = "Declining App";
			productReference = 760BA4D91A75EA8F00A96F39 /* Declining App.app */;
			productType = "com.apple.product-type.application";
		};
		760BA4ED1A75EA8F00A96F39 /* Declining AppTests */ = {
			isa = PBXNativeTarget;
			buildConfigurationList = 760BA4FB1A75EA8F00A96F39 /* Build configuration list for PBXNativeTarget "Declining AppTests" */;
			buildPhases = (
				760BA4EA1A75EA8F00A96F39 /* Sources */,
				760BA4EB1A75EA8F00A96F39 /* Frameworks */,
				760BA4EC1A75EA8F00A96F39 /* Resources */,
			);
			buildRules = (
			);
			dependencies = (
				760BA4F01A75EA8F00A96F39 /* PBXTargetDependency */,
			);
			name = "Declining AppTests";
			productName = "Declining AppTests";
			productReference = 760BA4EE1A75EA8F00A96F39 /* Declining AppTests.xctest */;
			productType = "com.apple.product-type.bundle.unit-test";
		};
/* End PBXNativeTarget section */

/* Begin PBXProject section */
		760BA4D11A75EA8F00A96F39 /* Project object */ = {
			isa = PBXProject;
			attributes = {
				LastUpgradeCheck = 0610;
				ORGANIZATIONNAME = "Bell, Christopher";
				TargetAttributes = {
					760BA4D81A75EA8F00A96F39 = {
						CreatedOnToolsVersion = 6.1.1;
					};
					760BA4ED1A75EA8F00A96F39 = {
						CreatedOnToolsVersion = 6.1.1;
						TestTargetID = 760BA4D81A75EA8F00A96F39;
					};
				};
			};
			buildConfigurationList = 760BA4D41A75EA8F00A96F39 /* Build configuration list for PBXProject "Declining App" */;
			compatibilityVersion = "Xcode 3.2";
			developmentRegion = English;
			hasScannedForEncodings = 0;
			knownRegions = (
				en,
				Base,
			);
			mainGroup = 760BA4D01A75EA8F00A96F39;
			productRefGroup = 760BA4DA1A75EA8F00A96F39 /* Products */;
			projectDirPath = "";
			projectRoot = "";
			targets = (
				760BA4D81A75EA8F00A96F39 /* Declining App */,
				760BA4ED1A75EA8F00A96F39 /* Declining AppTests */,
			);
		};
/* End PBXProject section */

/* Begin PBXResourcesBuildPhase section */
		760BA4D71A75EA8F00A96F39 /* Resources */ = {
			isa = PBXResourcesBuildPhase;
			buildActionMask = 2147483647;
			files = (
				760BA4E41A75EA8F00A96F39 /* Main.storyboard in Resources */,
				760BA4E91A75EA8F00A96F39 /* LaunchScreen.xib in Resources */,
				760BA4E61A75EA8F00A96F39 /* Images.xcassets in Resources */,
			);
			runOnlyForDeploymentPostprocessing = 0;
		};
		760BA4EC1A75EA8F00A96F39 /* Resources */ = {
			isa = PBXResourcesBuildPhase;
			buildActionMask = 2147483647;
			files = (
			);
			runOnlyForDeploymentPostprocessing = 0;
		};
/* End PBXResourcesBuildPhase section */

/* Begin PBXSourcesBuildPhase section */
		760BA4D51A75EA8F00A96F39 /* Sources */ = {
			isa = PBXSourcesBuildPhase;
			buildActionMask = 2147483647;
			files = (
				760BA4E11A75EA8F00A96F39 /* BuyOrSell.swift in Sources */,
				760BA4FF1A75EC3E00A96F39 /* NowOrLater.swift in Sources */,
				760BA5031A75ED3E00A96F39 /* SellerList.swift in Sources */,
				760BA50D1A75EE2E00A96F39 /* SellerSettings.swift in Sources */,
				760BA5091A75EDEC00A96F39 /* SellerHome.swift in Sources */,
				760BA4DF1A75EA8F00A96F39 /* AppDelegate.swift in Sources */,
				760BA5051A75ED9F00A96F39 /* SellerSetup.swift in Sources */,
				760BA5071A75EDD400A96F39 /* ScheduleSetup.swift in Sources */,
				760BA50B1A75EE0C00A96F39 /* BuyerList.swift in Sources */,
				760BA5011A75EC8700A96F39 /* EatingWhere.swift in Sources */,
			);
			runOnlyForDeploymentPostprocessing = 0;
		};
		760BA4EA1A75EA8F00A96F39 /* Sources */ = {
			isa = PBXSourcesBuildPhase;
			buildActionMask = 2147483647;
			files = (
				760BA4F51A75EA8F00A96F39 /* Declining_AppTests.swift in Sources */,
			);
			runOnlyForDeploymentPostprocessing = 0;
		};
/* End PBXSourcesBuildPhase section */

/* Begin PBXTargetDependency section */
		760BA4F01A75EA8F00A96F39 /* PBXTargetDependency */ = {
			isa = PBXTargetDependency;
			target = 760BA4D81A75EA8F00A96F39 /* Declining App */;
			targetProxy = 760BA4EF1A75EA8F00A96F39 /* PBXContainerItemProxy */;
		};
/* End PBXTargetDependency section */

/* Begin PBXVariantGroup section */
		760BA4E21A75EA8F00A96F39 /* Main.storyboard */ = {
			isa = PBXVariantGroup;
			children = (
				760BA4E31A75EA8F00A96F39 /* Base */,
			);
			name = Main.storyboard;
			sourceTree = "<group>";
		};
		760BA4E71A75EA8F00A96F39 /* LaunchScreen.xib */ = {
			isa = PBXVariantGroup;
			children = (
				760BA4E81A75EA8F00A96F39 /* Base */,
			);
			name = LaunchScreen.xib;
			sourceTree = "<group>";
		};
/* End PBXVariantGroup section */

/* Begin XCBuildConfiguration section */
		760BA4F61A75EA8F00A96F39 /* Debug */ = {
			isa = XCBuildConfiguration;
			buildSettings = {
				ALWAYS_SEARCH_USER_PATHS = NO;
				CLANG_CXX_LANGUAGE_STANDARD = "gnu++0x";
				CLANG_CXX_LIBRARY = "libc++";
				CLANG_ENABLE_MODULES = YES;
				CLANG_ENABLE_OBJC_ARC = YES;
				CLANG_WARN_BOOL_CONVERSION = YES;
				CLANG_WARN_CONSTANT_CONVERSION = YES;
				CLANG_WARN_DIRECT_OBJC_ISA_USAGE = YES_ERROR;
				CLANG_WARN_EMPTY_BODY = YES;
				CLANG_WARN_ENUM_CONVERSION = YES;
				CLANG_WARN_INT_CONVERSION = YES;
				CLANG_WARN_OBJC_ROOT_CLASS = YES_ERROR;
				CLANG_WARN_UNREACHABLE_CODE = YES;
				CLANG_WARN__DUPLICATE_METHOD_MATCH = YES;
				"CODE_SIGN_IDENTITY[sdk=iphoneos*]" = "iPhone Developer";
				COPY_PHASE_STRIP = NO;
				ENABLE_STRICT_OBJC_MSGSEND = YES;
				GCC_C_LANGUAGE_STANDARD = gnu99;
				GCC_DYNAMIC_NO_PIC = NO;
				GCC_OPTIMIZATION_LEVEL = 0;
				GCC_PREPROCESSOR_DEFINITIONS = (
					"DEBUG=1",
					"$(inherited)",
				);
				GCC_SYMBOLS_PRIVATE_EXTERN = NO;
				GCC_WARN_64_TO_32_BIT_CONVERSION = YES;
				GCC_WARN_ABOUT_RETURN_TYPE = YES_ERROR;
				GCC_WARN_UNDECLARED_SELECTOR = YES;
				GCC_WARN_UNINITIALIZED_AUTOS = YES_AGGRESSIVE;
				GCC_WARN_UNUSED_FUNCTION = YES;
				GCC_WARN_UNUSED_VARIABLE = YES;
				IPHONEOS_DEPLOYMENT_TARGET = 8.1;
				MTL_ENABLE_DEBUG_INFO = YES;
				ONLY_ACTIVE_ARCH = YES;
				SDKROOT = iphoneos;
				SWIFT_OPTIMIZATION_LEVEL = "-Onone";
			};
			name = Debug;
		};
		760BA4F71A75EA8F00A96F39 /* Release */ = {
			isa = XCBuildConfiguration;
			buildSettings = {
				ALWAYS_SEARCH_USER_PATHS = NO;
				CLANG_CXX_LANGUAGE_STANDARD = "gnu++0x";
				CLANG_CXX_LIBRARY = "libc++";
				CLANG_ENABLE_MODULES = YES;
				CLANG_ENABLE_OBJC_ARC = YES;
				CLANG_WARN_BOOL_CONVERSION = YES;
				CLANG_WARN_CONSTANT_CONVERSION = YES;
				CLANG_WARN_DIRECT_OBJC_ISA_USAGE = YES_ERROR;
				CLANG_WARN_EMPTY_BODY = YES;
				CLANG_WARN_ENUM_CONVERSION = YES;
				CLANG_WARN_INT_CONVERSION = YES;
				CLANG_WARN_OBJC_ROOT_CLASS = YES_ERROR;
				CLANG_WARN_UNREACHABLE_CODE = YES;
				CLANG_WARN__DUPLICATE_METHOD_MATCH = YES;
				"CODE_SIGN_IDENTITY[sdk=iphoneos*]" = "iPhone Developer";
				COPY_PHASE_STRIP = YES;
				ENABLE_NS_ASSERTIONS = NO;
				ENABLE_STRICT_OBJC_MSGSEND = YES;
				GCC_C_LANGUAGE_STANDARD = gnu99;
				GCC_WARN_64_TO_32_BIT_CONVERSION = YES;
				GCC_WARN_ABOUT_RETURN_TYPE = YES_ERROR;
				GCC_WARN_UNDECLARED_SELECTOR = YES;
				GCC_WARN_UNINITIALIZED_AUTOS = YES_AGGRESSIVE;
				GCC_WARN_UNUSED_FUNCTION = YES;
				GCC_WARN_UNUSED_VARIABLE = YES;
				IPHONEOS_DEPLOYMENT_TARGET = 8.1;
				MTL_ENABLE_DEBUG_INFO = NO;
				SDKROOT = iphoneos;
				VALIDATE_PRODUCT = YES;
			};
			name = Release;
		};
		760BA4F91A75EA8F00A96F39 /* Debug */ = {
			isa = XCBuildConfiguration;
			buildSettings = {
				ASSETCATALOG_COMPILER_APPICON_NAME = AppIcon;
				INFOPLIST_FILE = "Declining App/Info.plist";
				LD_RUNPATH_SEARCH_PATHS = "$(inherited) @executable_path/Frameworks";
				PRODUCT_NAME = "$(TARGET_NAME)";
			};
			name = Debug;
		};
		760BA4FA1A75EA8F00A96F39 /* Release */ = {
			isa = XCBuildConfiguration;
			buildSettings = {
				ASSETCATALOG_COMPILER_APPICON_NAME = AppIcon;
				INFOPLIST_FILE = "Declining App/Info.plist";
				LD_RUNPATH_SEARCH_PATHS = "$(inherited) @executable_path/Frameworks";
				PRODUCT_NAME = "$(TARGET_NAME)";
			};
			name = Release;
		};
		760BA4FC1A75EA8F00A96F39 /* Debug */ = {
			isa = XCBuildConfiguration;
			buildSettings = {
				BUNDLE_LOADER = "$(TEST_HOST)";
				FRAMEWORK_SEARCH_PATHS = (
					"$(SDKROOT)/Developer/Library/Frameworks",
					"$(inherited)",
				);
				GCC_PREPROCESSOR_DEFINITIONS = (
					"DEBUG=1",
					"$(inherited)",
				);
				INFOPLIST_FILE = "Declining AppTests/Info.plist";
				LD_RUNPATH_SEARCH_PATHS = "$(inherited) @executable_path/Frameworks @loader_path/Frameworks";
				PRODUCT_NAME = "$(TARGET_NAME)";
				TEST_HOST = "$(BUILT_PRODUCTS_DIR)/Declining App.app/Declining App";
			};
			name = Debug;
		};
		760BA4FD1A75EA8F00A96F39 /* Release */ = {
			isa = XCBuildConfiguration;
			buildSettings = {
				BUNDLE_LOADER = "$(TEST_HOST)";
				FRAMEWORK_SEARCH_PATHS = (
					"$(SDKROOT)/Developer/Library/Frameworks",
					"$(inherited)",
				);
				INFOPLIST_FILE = "Declining AppTests/Info.plist";
				LD_RUNPATH_SEARCH_PATHS = "$(inherited) @executable_path/Frameworks @loader_path/Frameworks";
				PRODUCT_NAME = "$(TARGET_NAME)";
				TEST_HOST = "$(BUILT_PRODUCTS_DIR)/Declining App.app/Declining App";
			};
			name = Release;
		};
/* End XCBuildConfiguration section */

/* Begin XCConfigurationList section */
		760BA4D41A75EA8F00A96F39 /* Build configuration list for PBXProject "Declining App" */ = {
			isa = XCConfigurationList;
			buildConfigurations = (
				760BA4F61A75EA8F00A96F39 /* Debug */,
				760BA4F71A75EA8F00A96F39 /* Release */,
			);
			defaultConfigurationIsVisible = 0;
			defaultConfigurationName = Release;
		};
		760BA4F81A75EA8F00A96F39 /* Build configuration list for PBXNativeTarget "Declining App" */ = {
			isa = XCConfigurationList;
			buildConfigurations = (
				760BA4F91A75EA8F00A96F39 /* Debug */,
				760BA4FA1A75EA8F00A96F39 /* Release */,
			);
			defaultConfigurationIsVisible = 0;
		};
		760BA4FB1A75EA8F00A96F39 /* Build configuration list for PBXNativeTarget "Declining AppTests" */ = {
			isa = XCConfigurationList;
			buildConfigurations = (
				760BA4FC1A75EA8F00A96F39 /* Debug */,
				760BA4FD1A75EA8F00A96F39 /* Release */,
			);
			defaultConfigurationIsVisible = 0;
		};
/* End XCConfigurationList section */
	};
	rootObject = 760BA4D11A75EA8F00A96F39 /* Project object */;
}
